// !$*UTF8*$!
{
	archiveVersion = 1;
	classes = {
	};
	objectVersion = 50;
	objects = {

/* Begin PBXBuildFile section */
		AE255F602D15AC7FB4E50405 /* Pods_FilterTest.framework in Frameworks */ = {isa = PBXBuildFile; fileRef = 9E51C89FB34809AAFCF16033 /* Pods_FilterTest.framework */; };
		BC36356A2614C1A300B1A8FB /* AppDelegate.swift in Sources */ = {isa = PBXBuildFile; fileRef = BC3635692614C1A300B1A8FB /* AppDelegate.swift */; };
		BC36356C2614C1A300B1A8FB /* SceneDelegate.swift in Sources */ = {isa = PBXBuildFile; fileRef = BC36356B2614C1A300B1A8FB /* SceneDelegate.swift */; };
		BC3635712614C1A300B1A8FB /* Main.storyboard in Resources */ = {isa = PBXBuildFile; fileRef = BC36356F2614C1A300B1A8FB /* Main.storyboard */; };
		BC3635742614C1A300B1A8FB /* FilterTest.xcdatamodeld in Sources */ = {isa = PBXBuildFile; fileRef = BC3635722614C1A300B1A8FB /* FilterTest.xcdatamodeld */; };
		BC3635762614C1A400B1A8FB /* Assets.xcassets in Resources */ = {isa = PBXBuildFile; fileRef = BC3635752614C1A400B1A8FB /* Assets.xcassets */; };
		BC3635792614C1A400B1A8FB /* LaunchScreen.storyboard in Resources */ = {isa = PBXBuildFile; fileRef = BC3635772614C1A400B1A8FB /* LaunchScreen.storyboard */; };
		BC3635872614C25700B1A8FB /* Filter-Image.swift in Sources */ = {isa = PBXBuildFile; fileRef = BC3635862614C25700B1A8FB /* Filter-Image.swift */; };
		BC5A2F6D261E0E5300724D5A /* Constants.swift in Sources */ = {isa = PBXBuildFile; fileRef = BC5A2F6C261E0E5300724D5A /* Constants.swift */; };
		BC91CAAF2618E29E0018E3CA /* PhotoLibraryV2.swift in Sources */ = {isa = PBXBuildFile; fileRef = BC91CAAE2618E29E0018E3CA /* PhotoLibraryV2.swift */; };
		BC9F5438261C07710065643A /* PhotoLibraryCell.swift in Sources */ = {isa = PBXBuildFile; fileRef = BC9F5437261C07710065643A /* PhotoLibraryCell.swift */; };
		BC9F543C261C12E80065643A /* PhotoEditor.swift in Sources */ = {isa = PBXBuildFile; fileRef = BC9F543B261C12E80065643A /* PhotoEditor.swift */; };
		BCC150082617B9BA0073588C /* AlbumList.swift in Sources */ = {isa = PBXBuildFile; fileRef = BCC150062617B9BA0073588C /* AlbumList.swift */; };
		BCC1500F2617B9F20073588C /* albumCell.swift in Sources */ = {isa = PBXBuildFile; fileRef = BCC1500D2617B9F20073588C /* albumCell.swift */; };
		BCC150102617B9F20073588C /* albumCell.xib in Resources */ = {isa = PBXBuildFile; fileRef = BCC1500E2617B9F20073588C /* albumCell.xib */; };
/* End PBXBuildFile section */

/* Begin PBXFileReference section */
		62046EC449257C3F38D6DD19 /* Pods-FilterTest.debug.xcconfig */ = {isa = PBXFileReference; includeInIndex = 1; lastKnownFileType = text.xcconfig; name = "Pods-FilterTest.debug.xcconfig"; path = "Target Support Files/Pods-FilterTest/Pods-FilterTest.debug.xcconfig"; sourceTree = "<group>"; };
		9E51C89FB34809AAFCF16033 /* Pods_FilterTest.framework */ = {isa = PBXFileReference; explicitFileType = wrapper.framework; includeInIndex = 0; path = Pods_FilterTest.framework; sourceTree = BUILT_PRODUCTS_DIR; };
		BC0E71C3261B5B3D005AA69F /* Hero.framework */ = {isa = PBXFileReference; explicitFileType = wrapper.framework; path = Hero.framework; sourceTree = BUILT_PRODUCTS_DIR; };
		BC3635662614C1A300B1A8FB /* FilterTest.app */ = {isa = PBXFileReference; explicitFileType = wrapper.application; includeInIndex = 0; path = FilterTest.app; sourceTree = BUILT_PRODUCTS_DIR; };
		BC3635692614C1A300B1A8FB /* AppDelegate.swift */ = {isa = PBXFileReference; lastKnownFileType = sourcecode.swift; path = AppDelegate.swift; sourceTree = "<group>"; };
		BC36356B2614C1A300B1A8FB /* SceneDelegate.swift */ = {isa = PBXFileReference; lastKnownFileType = sourcecode.swift; path = SceneDelegate.swift; sourceTree = "<group>"; };
		BC3635702614C1A300B1A8FB /* Base */ = {isa = PBXFileReference; lastKnownFileType = file.storyboard; name = Base; path = Base.lproj/Main.storyboard; sourceTree = "<group>"; };
		BC3635732614C1A300B1A8FB /* FilterTest.xcdatamodel */ = {isa = PBXFileReference; lastKnownFileType = wrapper.xcdatamodel; path = FilterTest.xcdatamodel; sourceTree = "<group>"; };
		BC3635752614C1A400B1A8FB /* Assets.xcassets */ = {isa = PBXFileReference; lastKnownFileType = folder.assetcatalog; path = Assets.xcassets; sourceTree = "<group>"; };
		BC3635782614C1A400B1A8FB /* Base */ = {isa = PBXFileReference; lastKnownFileType = file.storyboard; name = Base; path = Base.lproj/LaunchScreen.storyboard; sourceTree = "<group>"; };
		BC36357A2614C1A400B1A8FB /* Info.plist */ = {isa = PBXFileReference; lastKnownFileType = text.plist.xml; path = Info.plist; sourceTree = "<group>"; };
		BC3635862614C25700B1A8FB /* Filter-Image.swift */ = {isa = PBXFileReference; lastKnownFileType = sourcecode.swift; path = "Filter-Image.swift"; sourceTree = "<group>"; };
		BC5A2F6C261E0E5300724D5A /* Constants.swift */ = {isa = PBXFileReference; lastKnownFileType = sourcecode.swift; path = Constants.swift; sourceTree = "<group>"; };
		BC91CAAE2618E29E0018E3CA /* PhotoLibraryV2.swift */ = {isa = PBXFileReference; lastKnownFileType = sourcecode.swift; path = PhotoLibraryV2.swift; sourceTree = "<group>"; };
		BC9F5437261C07710065643A /* PhotoLibraryCell.swift */ = {isa = PBXFileReference; lastKnownFileType = sourcecode.swift; path = PhotoLibraryCell.swift; sourceTree = "<group>"; };
		BC9F543B261C12E80065643A /* PhotoEditor.swift */ = {isa = PBXFileReference; lastKnownFileType = sourcecode.swift; path = PhotoEditor.swift; sourceTree = "<group>"; };
		BCC150062617B9BA0073588C /* AlbumList.swift */ = {isa = PBXFileReference; lastKnownFileType = sourcecode.swift; path = AlbumList.swift; sourceTree = "<group>"; };
		BCC1500D2617B9F20073588C /* albumCell.swift */ = {isa = PBXFileReference; lastKnownFileType = sourcecode.swift; path = albumCell.swift; sourceTree = "<group>"; };
		BCC1500E2617B9F20073588C /* albumCell.xib */ = {isa = PBXFileReference; lastKnownFileType = file.xib; path = albumCell.xib; sourceTree = "<group>"; };
		EAF5E2E05B5DB9BD69BBF1A8 /* Pods-FilterTest.release.xcconfig */ = {isa = PBXFileReference; includeInIndex = 1; lastKnownFileType = text.xcconfig; name = "Pods-FilterTest.release.xcconfig"; path = "Target Support Files/Pods-FilterTest/Pods-FilterTest.release.xcconfig"; sourceTree = "<group>"; };
/* End PBXFileReference section */

/* Begin PBXFrameworksBuildPhase section */
		BC3635632614C1A300B1A8FB /* Frameworks */ = {
			isa = PBXFrameworksBuildPhase;
			buildActionMask = 2147483647;
			files = (
				AE255F602D15AC7FB4E50405 /* Pods_FilterTest.framework in Frameworks */,
			);
			runOnlyForDeploymentPostprocessing = 0;
		};
/* End PBXFrameworksBuildPhase section */

/* Begin PBXGroup section */
		214BE1FAF219511C7E6AE54F /* Frameworks */ = {
			isa = PBXGroup;
			children = (
				BC0E71C3261B5B3D005AA69F /* Hero.framework */,
				9E51C89FB34809AAFCF16033 /* Pods_FilterTest.framework */,
			);
			name = Frameworks;
			sourceTree = "<group>";
		};
		54CAFBFEE42FB6FDE05CF450 /* Pods */ = {
			isa = PBXGroup;
			children = (
				62046EC449257C3F38D6DD19 /* Pods-FilterTest.debug.xcconfig */,
				EAF5E2E05B5DB9BD69BBF1A8 /* Pods-FilterTest.release.xcconfig */,
			);
			path = Pods;
			sourceTree = "<group>";
		};
		BC36355D2614C1A300B1A8FB = {
			isa = PBXGroup;
			children = (
				BC3635682614C1A300B1A8FB /* FilterTest */,
				BC3635672614C1A300B1A8FB /* Products */,
				54CAFBFEE42FB6FDE05CF450 /* Pods */,
				214BE1FAF219511C7E6AE54F /* Frameworks */,
			);
			sourceTree = "<group>";
		};
		BC3635672614C1A300B1A8FB /* Products */ = {
			isa = PBXGroup;
			children = (
				BC3635662614C1A300B1A8FB /* FilterTest.app */,
			);
			name = Products;
			sourceTree = "<group>";
		};
		BC3635682614C1A300B1A8FB /* FilterTest */ = {
			isa = PBXGroup;
			children = (
				BC509A6D261527D600EBA88A /* Views */,
				BC36358A2614C25C00B1A8FB /* Extensions */,
				BC3635692614C1A300B1A8FB /* AppDelegate.swift */,
				BC36356B2614C1A300B1A8FB /* SceneDelegate.swift */,
				BC36356F2614C1A300B1A8FB /* Main.storyboard */,
				BC3635752614C1A400B1A8FB /* Assets.xcassets */,
				BC3635772614C1A400B1A8FB /* LaunchScreen.storyboard */,
				BC36357A2614C1A400B1A8FB /* Info.plist */,
				BC3635722614C1A300B1A8FB /* FilterTest.xcdatamodeld */,
			);
			path = FilterTest;
			sourceTree = "<group>";
		};
		BC36358A2614C25C00B1A8FB /* Extensions */ = {
			isa = PBXGroup;
			children = (
				BC3635862614C25700B1A8FB /* Filter-Image.swift */,
			);
			path = Extensions;
			sourceTree = "<group>";
		};
		BC509A6D261527D600EBA88A /* Views */ = {
			isa = PBXGroup;
			children = (
				BC9F543A261C12D60065643A /* PhotoEditor */,
				BCC150052617B9A50073588C /* AlbumSelector */,
				BCC14FFD261786D60073588C /* PhotoLibrary */,
				BC5A2F6C261E0E5300724D5A /* Constants.swift */,
			);
			path = Views;
			sourceTree = "<group>";
		};
		BC9F543A261C12D60065643A /* PhotoEditor */ = {
			isa = PBXGroup;
			children = (
				BC9F543B261C12E80065643A /* PhotoEditor.swift */,
			);
			path = PhotoEditor;
			sourceTree = "<group>";
		};
		BCC14FFD261786D60073588C /* PhotoLibrary */ = {
			isa = PBXGroup;
			children = (
				BC91CAAE2618E29E0018E3CA /* PhotoLibraryV2.swift */,
				BC9F5437261C07710065643A /* PhotoLibraryCell.swift */,
			);
			path = PhotoLibrary;
			sourceTree = "<group>";
		};
		BCC150052617B9A50073588C /* AlbumSelector */ = {
			isa = PBXGroup;
			children = (
				BCC150062617B9BA0073588C /* AlbumList.swift */,
				BCC1500D2617B9F20073588C /* albumCell.swift */,
				BCC1500E2617B9F20073588C /* albumCell.xib */,
			);
			path = AlbumSelector;
			sourceTree = "<group>";
		};
/* End PBXGroup section */

/* Begin PBXNativeTarget section */
		BC3635652614C1A300B1A8FB /* FilterTest */ = {
			isa = PBXNativeTarget;
			buildConfigurationList = BC36357D2614C1A400B1A8FB /* Build configuration list for PBXNativeTarget "FilterTest" */;
			buildPhases = (
				C29D2C9519C9C9B19537A35C /* [CP] Check Pods Manifest.lock */,
				BC3635622614C1A300B1A8FB /* Sources */,
				BC3635632614C1A300B1A8FB /* Frameworks */,
				BC3635642614C1A300B1A8FB /* Resources */,
			);
			buildRules = (
			);
			dependencies = (
			);
			name = FilterTest;
			productName = FilterTest;
			productReference = BC3635662614C1A300B1A8FB /* FilterTest.app */;
			productType = "com.apple.product-type.application";
		};
/* End PBXNativeTarget section */

/* Begin PBXProject section */
		BC36355E2614C1A300B1A8FB /* Project object */ = {
			isa = PBXProject;
			attributes = {
				LastSwiftUpdateCheck = 1240;
				LastUpgradeCheck = 1240;
				TargetAttributes = {
					BC3635652614C1A300B1A8FB = {
						CreatedOnToolsVersion = 12.4;
					};
				};
			};
			buildConfigurationList = BC3635612614C1A300B1A8FB /* Build configuration list for PBXProject "FilterTest" */;
			compatibilityVersion = "Xcode 9.3";
			developmentRegion = en;
			hasScannedForEncodings = 0;
			knownRegions = (
				en,
				Base,
			);
			mainGroup = BC36355D2614C1A300B1A8FB;
			productRefGroup = BC3635672614C1A300B1A8FB /* Products */;
			projectDirPath = "";
			projectRoot = "";
			targets = (
				BC3635652614C1A300B1A8FB /* FilterTest */,
			);
		};
/* End PBXProject section */

/* Begin PBXResourcesBuildPhase section */
		BC3635642614C1A300B1A8FB /* Resources */ = {
			isa = PBXResourcesBuildPhase;
			buildActionMask = 2147483647;
			files = (
				BC3635792614C1A400B1A8FB /* LaunchScreen.storyboard in Resources */,
				BC3635762614C1A400B1A8FB /* Assets.xcassets in Resources */,
				BCC150102617B9F20073588C /* albumCell.xib in Resources */,
				BC3635712614C1A300B1A8FB /* Main.storyboard in Resources */,
			);
			runOnlyForDeploymentPostprocessing = 0;
		};
/* End PBXResourcesBuildPhase section */

/* Begin PBXShellScriptBuildPhase section */
		C29D2C9519C9C9B19537A35C /* [CP] Check Pods Manifest.lock */ = {
			isa = PBXShellScriptBuildPhase;
			buildActionMask = 2147483647;
			files = (
			);
			inputFileListPaths = (
			);
			inputPaths = (
				"${PODS_PODFILE_DIR_PATH}/Podfile.lock",
				"${PODS_ROOT}/Manifest.lock",
			);
			name = "[CP] Check Pods Manifest.lock";
			outputFileListPaths = (
			);
			outputPaths = (
				"$(DERIVED_FILE_DIR)/Pods-FilterTest-checkManifestLockResult.txt",
			);
			runOnlyForDeploymentPostprocessing = 0;
			shellPath = /bin/sh;
			shellScript = "diff \"${PODS_PODFILE_DIR_PATH}/Podfile.lock\" \"${PODS_ROOT}/Manifest.lock\" > /dev/null\nif [ $? != 0 ] ; then\n    # print error to STDERR\n    echo \"error: The sandbox is not in sync with the Podfile.lock. Run 'pod install' or update your CocoaPods installation.\" >&2\n    exit 1\nfi\n# This output is used by Xcode 'outputs' to avoid re-running this script phase.\necho \"SUCCESS\" > \"${SCRIPT_OUTPUT_FILE_0}\"\n";
			showEnvVarsInLog = 0;
		};
/* End PBXShellScriptBuildPhase section */

/* Begin PBXSourcesBuildPhase section */
		BC3635622614C1A300B1A8FB /* Sources */ = {
			isa = PBXSourcesBuildPhase;
			buildActionMask = 2147483647;
			files = (
				BCC1500F2617B9F20073588C /* albumCell.swift in Sources */,
				BC3635872614C25700B1A8FB /* Filter-Image.swift in Sources */,
				BCC150082617B9BA0073588C /* AlbumList.swift in Sources */,
				BC5A2F6D261E0E5300724D5A /* Constants.swift in Sources */,
				BC3635742614C1A300B1A8FB /* FilterTest.xcdatamodeld in Sources */,
				BC9F543C261C12E80065643A /* PhotoEditor.swift in Sources */,
				BC36356A2614C1A300B1A8FB /* AppDelegate.swift in Sources */,
				BC36356C2614C1A300B1A8FB /* SceneDelegate.swift in Sources */,
				BC9F5438261C07710065643A /* PhotoLibraryCell.swift in Sources */,
				BC91CAAF2618E29E0018E3CA /* PhotoLibraryV2.swift in Sources */,
			);
			runOnlyForDeploymentPostprocessing = 0;
		};
/* End PBXSourcesBuildPhase section */

/* Begin PBXVariantGroup section */
		BC36356F2614C1A300B1A8FB /* Main.storyboard */ = {
			isa = PBXVariantGroup;
			children = (
				BC3635702614C1A300B1A8FB /* Base */,
			);
			name = Main.storyboard;
			sourceTree = "<group>";
		};
		BC3635772614C1A400B1A8FB /* LaunchScreen.storyboard */ = {
			isa = PBXVariantGroup;
			children = (
				BC3635782614C1A400B1A8FB /* Base */,
			);
			name = LaunchScreen.storyboard;
			sourceTree = "<group>";
		};
/* End PBXVariantGroup section */

/* Begin XCBuildConfiguration section */
		BC36357B2614C1A400B1A8FB /* Debug */ = {
			isa = XCBuildConfiguration;
			buildSettings = {
				ALWAYS_SEARCH_USER_PATHS = NO;
				CLANG_ANALYZER_NONNULL = YES;
				CLANG_ANALYZER_NUMBER_OBJECT_CONVERSION = YES_AGGRESSIVE;
				CLANG_CXX_LANGUAGE_STANDARD = "gnu++14";
				CLANG_CXX_LIBRARY = "libc++";
				CLANG_ENABLE_MODULES = YES;
				CLANG_ENABLE_OBJC_ARC = YES;
				CLANG_ENABLE_OBJC_WEAK = YES;
				CLANG_WARN_BLOCK_CAPTURE_AUTORELEASING = YES;
				CLANG_WARN_BOOL_CONVERSION = YES;
				CLANG_WARN_COMMA = YES;
				CLANG_WARN_CONSTANT_CONVERSION = YES;
				CLANG_WARN_DEPRECATED_OBJC_IMPLEMENTATIONS = YES;
				CLANG_WARN_DIRECT_OBJC_ISA_USAGE = YES_ERROR;
				CLANG_WARN_DOCUMENTATION_COMMENTS = YES;
				CLANG_WARN_EMPTY_BODY = YES;
				CLANG_WARN_ENUM_CONVERSION = YES;
				CLANG_WARN_INFINITE_RECURSION = YES;
				CLANG_WARN_INT_CONVERSION = YES;
				CLANG_WARN_NON_LITERAL_NULL_CONVERSION = YES;
				CLANG_WARN_OBJC_IMPLICIT_RETAIN_SELF = YES;
				CLANG_WARN_OBJC_LITERAL_CONVERSION = YES;
				CLANG_WARN_OBJC_ROOT_CLASS = YES_ERROR;
				CLANG_WARN_QUOTED_INCLUDE_IN_FRAMEWORK_HEADER = YES;
				CLANG_WARN_RANGE_LOOP_ANALYSIS = YES;
				CLANG_WARN_STRICT_PROTOTYPES = YES;
				CLANG_WARN_SUSPICIOUS_MOVE = YES;
				CLANG_WARN_UNGUARDED_AVAILABILITY = YES_AGGRESSIVE;
				CLANG_WARN_UNREACHABLE_CODE = YES;
				CLANG_WARN__DUPLICATE_METHOD_MATCH = YES;
				COPY_PHASE_STRIP = NO;
				DEBUG_INFORMATION_FORMAT = dwarf;
				ENABLE_STRICT_OBJC_MSGSEND = YES;
				ENABLE_TESTABILITY = YES;
				GCC_C_LANGUAGE_STANDARD = gnu11;
				GCC_DYNAMIC_NO_PIC = NO;
				GCC_NO_COMMON_BLOCKS = YES;
				GCC_OPTIMIZATION_LEVEL = 0;
				GCC_PREPROCESSOR_DEFINITIONS = (
					"DEBUG=1",
					"$(inherited)",
				);
				GCC_WARN_64_TO_32_BIT_CONVERSION = YES;
				GCC_WARN_ABOUT_RETURN_TYPE = YES_ERROR;
				GCC_WARN_UNDECLARED_SELECTOR = YES;
				GCC_WARN_UNINITIALIZED_AUTOS = YES_AGGRESSIVE;
				GCC_WARN_UNUSED_FUNCTION = YES;
				GCC_WARN_UNUSED_VARIABLE = YES;
				IPHONEOS_DEPLOYMENT_TARGET = 13.0;
				MTL_ENABLE_DEBUG_INFO = INCLUDE_SOURCE;
				MTL_FAST_MATH = YES;
				ONLY_ACTIVE_ARCH = YES;
				SDKROOT = iphoneos;
				SWIFT_ACTIVE_COMPILATION_CONDITIONS = DEBUG;
				SWIFT_OPTIMIZATION_LEVEL = "-Onone";
			};
			name = Debug;
		};
		BC36357C2614C1A400B1A8FB /* Release */ = {
			isa = XCBuildConfiguration;
			buildSettings = {
				ALWAYS_SEARCH_USER_PATHS = NO;
				CLANG_ANALYZER_NONNULL = YES;
				CLANG_ANALYZER_NUMBER_OBJECT_CONVERSION = YES_AGGRESSIVE;
				CLANG_CXX_LANGUAGE_STANDARD = "gnu++14";
				CLANG_CXX_LIBRARY = "libc++";
				CLANG_ENABLE_MODULES = YES;
				CLANG_ENABLE_OBJC_ARC = YES;
				CLANG_ENABLE_OBJC_WEAK = YES;
				CLANG_WARN_BLOCK_CAPTURE_AUTORELEASING = YES;
				CLANG_WARN_BOOL_CONVERSION = YES;
				CLANG_WARN_COMMA = YES;
				CLANG_WARN_CONSTANT_CONVERSION = YES;
				CLANG_WARN_DEPRECATED_OBJC_IMPLEMENTATIONS = YES;
				CLANG_WARN_DIRECT_OBJC_ISA_USAGE = YES_ERROR;
				CLANG_WARN_DOCUMENTATION_COMMENTS = YES;
				CLANG_WARN_EMPTY_BODY = YES;
				CLANG_WARN_ENUM_CONVERSION = YES;
				CLANG_WARN_INFINITE_RECURSION = YES;
				CLANG_WARN_INT_CONVERSION = YES;
				CLANG_WARN_NON_LITERAL_NULL_CONVERSION = YES;
				CLANG_WARN_OBJC_IMPLICIT_RETAIN_SELF = YES;
				CLANG_WARN_OBJC_LITERAL_CONVERSION = YES;
				CLANG_WARN_OBJC_ROOT_CLASS = YES_ERROR;
				CLANG_WARN_QUOTED_INCLUDE_IN_FRAMEWORK_HEADER = YES;
				CLANG_WARN_RANGE_LOOP_ANALYSIS = YES;
				CLANG_WARN_STRICT_PROTOTYPES = YES;
				CLANG_WARN_SUSPICIOUS_MOVE = YES;
				CLANG_WARN_UNGUARDED_AVAILABILITY = YES_AGGRESSIVE;
				CLANG_WARN_UNREACHABLE_CODE = YES;
				CLANG_WARN__DUPLICATE_METHOD_MATCH = YES;
				COPY_PHASE_STRIP = NO;
				DEBUG_INFORMATION_FORMAT = "dwarf-with-dsym";
				ENABLE_NS_ASSERTIONS = NO;
				ENABLE_STRICT_OBJC_MSGSEND = YES;
				GCC_C_LANGUAGE_STANDARD = gnu11;
				GCC_NO_COMMON_BLOCKS = YES;
				GCC_WARN_64_TO_32_BIT_CONVERSION = YES;
				GCC_WARN_ABOUT_RETURN_TYPE = YES_ERROR;
				GCC_WARN_UNDECLARED_SELECTOR = YES;
				GCC_WARN_UNINITIALIZED_AUTOS = YES_AGGRESSIVE;
				GCC_WARN_UNUSED_FUNCTION = YES;
				GCC_WARN_UNUSED_VARIABLE = YES;
				IPHONEOS_DEPLOYMENT_TARGET = 13.0;
				MTL_ENABLE_DEBUG_INFO = NO;
				MTL_FAST_MATH = YES;
				SDKROOT = iphoneos;
				SWIFT_COMPILATION_MODE = wholemodule;
				SWIFT_OPTIMIZATION_LEVEL = "-O";
				VALIDATE_PRODUCT = YES;
			};
			name = Release;
		};
		BC36357E2614C1A400B1A8FB /* Debug */ = {
			isa = XCBuildConfiguration;
			baseConfigurationReference = 62046EC449257C3F38D6DD19 /* Pods-FilterTest.debug.xcconfig */;
			buildSettings = {
				ASSETCATALOG_COMPILER_APPICON_NAME = AppIcon;
				ASSETCATALOG_COMPILER_GLOBAL_ACCENT_COLOR_NAME = AccentColor;
				CODE_SIGN_STYLE = Automatic;
				DEVELOPMENT_TEAM = 2WBD7U8CLH;
				INFOPLIST_FILE = FilterTest/Info.plist;
				LD_RUNPATH_SEARCH_PATHS = (
					"$(inherited)",
					"@executable_path/Frameworks",
				);
				PRODUCT_BUNDLE_IDENTIFIER = com.skyroth.FilterTest;
				PRODUCT_NAME = "$(TARGET_NAME)";
				SWIFT_VERSION = 5.0;
				TARGETED_DEVICE_FAMILY = "1,2";
			};
			name = Debug;
		};
		BC36357F2614C1A400B1A8FB /* Release */ = {
			isa = XCBuildConfiguration;
			baseConfigurationReference = EAF5E2E05B5DB9BD69BBF1A8 /* Pods-FilterTest.release.xcconfig */;
			buildSettings = {
				ASSETCATALOG_COMPILER_APPICON_NAME = AppIcon;
				ASSETCATALOG_COMPILER_GLOBAL_ACCENT_COLOR_NAME = AccentColor;
				CODE_SIGN_STYLE = Automatic;
				DEVELOPMENT_TEAM = 2WBD7U8CLH;
				INFOPLIST_FILE = FilterTest/Info.plist;
				LD_RUNPATH_SEARCH_PATHS = (
					"$(inherited)",
					"@executable_path/Frameworks",
				);
				PRODUCT_BUNDLE_IDENTIFIER = com.skyroth.FilterTest;
				PRODUCT_NAME = "$(TARGET_NAME)";
				SWIFT_VERSION = 5.0;
				TARGETED_DEVICE_FAMILY = "1,2";
			};
			name = Release;
		};
/* End XCBuildConfiguration section */

/* Begin XCConfigurationList section */
		BC3635612614C1A300B1A8FB /* Build configuration list for PBXProject "FilterTest" */ = {
			isa = XCConfigurationList;
			buildConfigurations = (
				BC36357B2614C1A400B1A8FB /* Debug */,
				BC36357C2614C1A400B1A8FB /* Release */,
			);
			defaultConfigurationIsVisible = 0;
			defaultConfigurationName = Release;
		};
		BC36357D2614C1A400B1A8FB /* Build configuration list for PBXNativeTarget "FilterTest" */ = {
			isa = XCConfigurationList;
			buildConfigurations = (
				BC36357E2614C1A400B1A8FB /* Debug */,
				BC36357F2614C1A400B1A8FB /* Release */,
			);
			defaultConfigurationIsVisible = 0;
			defaultConfigurationName = Release;
		};
/* End XCConfigurationList section */

/* Begin XCVersionGroup section */
		BC3635722614C1A300B1A8FB /* FilterTest.xcdatamodeld */ = {
			isa = XCVersionGroup;
			children = (
				BC3635732614C1A300B1A8FB /* FilterTest.xcdatamodel */,
			);
			currentVersion = BC3635732614C1A300B1A8FB /* FilterTest.xcdatamodel */;
			path = FilterTest.xcdatamodeld;
			sourceTree = "<group>";
			versionGroupType = wrapper.xcdatamodel;
		};
/* End XCVersionGroup section */
	};
	rootObject = BC36355E2614C1A300B1A8FB /* Project object */;
}
